{
  "originHash" : "d7ffd5a93292c9c495cd110e41c028cef8c7b1d6b7f697554f6f59f15253a269",
  "pins" : [
    {
      "identity" : "swift-dotenv",
      "kind" : "remoteSourceControl",
      "location" : "https://github.com/thebarndog/swift-dotenv",
      "state" : {
        "revision" : "f6e7ca817d35eeccb20b62c87ee75963b01b29dc",
        "version" : "2.0.1"
      }
    }
  ],
  "version" : 3
}
